
Microsoft Visual Studio Solution File, Format Version 12.00
# Visual Studio 2012
Project("{FAE04EC0-301F-11D3-BF4B-00C04F79EFBC}") = "Facebookauth", "Facebookauth\Facebookauth.csproj", "{550B9082-852C-478F-97B5-C2BC52908AF4}"
EndProject
Global
	GlobalSection(SolutionConfigurationPlatforms) = preSolution
		Debug|Any CPU = Debug|Any CPU
		Release|Any CPU = Release|Any CPU
	EndGlobalSection
	GlobalSection(ProjectConfigurationPlatforms) = postSolution
		{550B9082-852C-478F-97B5-C2BC52908AF4}.Debug|Any CPU.ActiveCfg = Debug|Any CPU
		{550B9082-852C-478F-97B5-C2BC52908AF4}.Debug|Any CPU.Build.0 = Debug|Any CPU
		{550B9082-852C-478F-97B5-C2BC52908AF4}.Release|Any CPU.ActiveCfg = Release|Any CPU
		{550B9082-852C-478F-97B5-C2BC52908AF4}.Release|Any CPU.Build.0 = Release|Any CPU
	EndGlobalSection
	GlobalSection(SolutionProperties) = preSolution
		HideSolutionNode = FALSE
	EndGlobalSection
EndGlobal
